
Microsoft Visual Studio Solution File, Format Version 12.00
# Visual Studio 2017
Project("{FAE04EC0-301F-11D3-BF4B-00C04F79EFBC}") = "AI project", "AI project.csproj", "{9DF5D11F-D4BB-E75E-014D-A60BF597BC14}"
EndProject
Project("{FAE04EC0-301F-11D3-BF4B-00C04F79EFBC}") = "AI project.Plugins", "AI project.Plugins.csproj", "{92EFAB82-2C3E-5B48-BA95-3B6B6A872889}"
EndProject
Project("{FAE04EC0-301F-11D3-BF4B-00C04F79EFBC}") = "AI project.Editor.Plugins", "AI project.Editor.Plugins.csproj", "{5C8E7BC9-A976-371C-1813-98B05C609A5F}"
EndProject
Project("{FAE04EC0-301F-11D3-BF4B-00C04F79EFBC}") = "AI project.Editor", "AI project.Editor.csproj", "{0930D267-5C41-695A-C9C1-F3454AAEE6FB}"
EndProject
Global
	GlobalSection(SolutionConfigurationPlatforms) = preSolution
		Debug|Any CPU = Debug|Any CPU
		Release|Any CPU = Release|Any CPU
	EndGlobalSection
	GlobalSection(ProjectConfigurationPlatforms) = postSolution
		{9DF5D11F-D4BB-E75E-014D-A60BF597BC14}.Debug|Any CPU.ActiveCfg = Debug|Any CPU
		{9DF5D11F-D4BB-E75E-014D-A60BF597BC14}.Debug|Any CPU.Build.0 = Debug|Any CPU
		{9DF5D11F-D4BB-E75E-014D-A60BF597BC14}.Release|Any CPU.ActiveCfg = Release|Any CPU
		{9DF5D11F-D4BB-E75E-014D-A60BF597BC14}.Release|Any CPU.Build.0 = Release|Any CPU
		{92EFAB82-2C3E-5B48-BA95-3B6B6A872889}.Debug|Any CPU.ActiveCfg = Debug|Any CPU
		{92EFAB82-2C3E-5B48-BA95-3B6B6A872889}.Debug|Any CPU.Build.0 = Debug|Any CPU
		{92EFAB82-2C3E-5B48-BA95-3B6B6A872889}.Release|Any CPU.ActiveCfg = Release|Any CPU
		{92EFAB82-2C3E-5B48-BA95-3B6B6A872889}.Release|Any CPU.Build.0 = Release|Any CPU
		{5C8E7BC9-A976-371C-1813-98B05C609A5F}.Debug|Any CPU.ActiveCfg = Debug|Any CPU
		{5C8E7BC9-A976-371C-1813-98B05C609A5F}.Debug|Any CPU.Build.0 = Debug|Any CPU
		{5C8E7BC9-A976-371C-1813-98B05C609A5F}.Release|Any CPU.ActiveCfg = Release|Any CPU
		{5C8E7BC9-A976-371C-1813-98B05C609A5F}.Release|Any CPU.Build.0 = Release|Any CPU
		{0930D267-5C41-695A-C9C1-F3454AAEE6FB}.Debug|Any CPU.ActiveCfg = Debug|Any CPU
		{0930D267-5C41-695A-C9C1-F3454AAEE6FB}.Debug|Any CPU.Build.0 = Debug|Any CPU
		{0930D267-5C41-695A-C9C1-F3454AAEE6FB}.Release|Any CPU.ActiveCfg = Release|Any CPU
		{0930D267-5C41-695A-C9C1-F3454AAEE6FB}.Release|Any CPU.Build.0 = Release|Any CPU
	EndGlobalSection
	GlobalSection(SolutionProperties) = preSolution
		HideSolutionNode = FALSE
	EndGlobalSection
EndGlobal
